
Microsoft Visual Studio Solution File, Format Version 12.00
# Visual Studio Version 17
VisualStudioVersion = 17.8.34309.116
MinimumVisualStudioVersion = 10.0.40219.1
Project("{FAE04EC0-301F-11D3-BF4B-00C04F79EFBC}") = "s12", "s12.csproj", "{DAA8C535-EC31-44D6-93B8-3D2D2773D69E}"
EndProject
Global
	GlobalSection(SolutionConfigurationPlatforms) = preSolution
		Debug|Any CPU = Debug|Any CPU
		Release|Any CPU = Release|Any CPU
	EndGlobalSection
	GlobalSection(ProjectConfigurationPlatforms) = postSolution
		{DAA8C535-EC31-44D6-93B8-3D2D2773D69E}.Debug|Any CPU.ActiveCfg = Debug|Any CPU
		{DAA8C535-EC31-44D6-93B8-3D2D2773D69E}.Debug|Any CPU.Build.0 = Debug|Any CPU
		{DAA8C535-EC31-44D6-93B8-3D2D2773D69E}.Release|Any CPU.ActiveCfg = Release|Any CPU
		{DAA8C535-EC31-44D6-93B8-3D2D2773D69E}.Release|Any CPU.Build.0 = Release|Any CPU
	EndGlobalSection
	GlobalSection(SolutionProperties) = preSolution
		HideSolutionNode = FALSE
	EndGlobalSection
	GlobalSection(ExtensibilityGlobals) = postSolution
		SolutionGuid = {52A38368-A1C6-448E-851E-51A17A70D455}
	EndGlobalSection
EndGlobal
